{
  "name": "turtle-gfx",
  "version": "1.0.0",
  "lockfileVersion": 1,
  "requires": true,
  "dependencies": {
    "electron-log": {
      "version": "4.3.2",
      "resolved": "https://registry.npmjs.org/electron-log/-/electron-log-4.3.2.tgz",
      "integrity": "sha512-PJPWE8JDzQ137UlxX9K917nI8GTcwgiJpE2PMPXZo+I6C4AaZU+JWQ3lW5NjQ1Lg8Qk8qbze+Ly0yAiqhbmpeA=="
    },
    "ws": {
      "version": "7.4.4",
      "resolved": "https://registry.npmjs.org/ws/-/ws-7.4.4.tgz",
      "integrity": "sha512-Qm8k8ojNQIMx7S+Zp8u/uHOx7Qazv3Yv4q68MiWWWOJhiwG5W3x7iqmRtJo8xxrciZUY4vRxUTJCKuRnF28ZZw=="
    }
  }
}
